{
  "nodes": {
    "flake-compat": {
      "flake": false,
      "locked": {
        "lastModified": 1641205782,
        "narHash": "sha256-4jY7RCWUoZ9cKD8co0/4tFARpWB+57+r1bLLvXNJliY=",
        "owner": "edolstra",
        "repo": "flake-compat",
        "rev": "b7547d3eed6f32d06102ead8991ec52ab0a4f1a7",
        "type": "github"
      },
      "original": {
        "owner": "edolstra",
        "repo": "flake-compat",
        "type": "github"
      }
    },
    "flake-compat-ci": {
      "locked": {
        "lastModified": 1641672839,
        "narHash": "sha256-Bdwv+DKeEMlRNPDpZxSz0sSrqQBvdKO5fZ8LmvrgCOU=",
        "owner": "hercules-ci",
        "repo": "flake-compat-ci",
        "rev": "e832114bc18376c0f3fa13c19bf5ff253cc6570a",
        "type": "github"
      },
      "original": {
        "owner": "hercules-ci",
        "repo": "flake-compat-ci",
        "type": "github"
      }
    },
    "kvm-unit-tests": {
      "flake": false,
      "locked": {
        "lastModified": 1645109033,
        "narHash": "sha256-P1KW09aJ7r1qJuTp+ASiIfzAOUQW0Gj87mCGw/zRpEU=",
        "owner": "kvm-unit-tests",
        "repo": "kvm-unit-tests",
        "rev": "257c962f3d1b2d0534af59de4ad18764d734903a",
        "type": "gitlab"
      },
      "original": {
        "owner": "kvm-unit-tests",
        "ref": "master",
        "repo": "kvm-unit-tests",
        "type": "gitlab"
      }
    },
    "nixpkgs": {
      "locked": {
        "lastModified": 1646258393,
        "narHash": "sha256-mKDoCi5Baqainjf0Nx6oTPhaxKQdj4P17XTdhTtXGRA=",
        "owner": "NixOS",
        "repo": "nixpkgs",
        "rev": "ed02c2ba0384b2800db41333045a6fb781f12aac",
        "type": "github"
      },
      "original": {
        "owner": "NixOS",
        "ref": "nixos-21.11",
        "repo": "nixpkgs",
        "type": "github"
      }
    },
    "root": {
      "inputs": {
        "flake-compat": "flake-compat",
        "flake-compat-ci": "flake-compat-ci",
        "kvm-unit-tests": "kvm-unit-tests",
        "nixpkgs": "nixpkgs"
      }
    }
  },
  "root": "root",
  "version": 7
}
